// !$*UTF8*$!
{
	archiveVersion = 1;
	classes = {
	};
	objectVersion = 46;
	objects = {

/* Begin PBXBuildFile section */
		343BAD061BD7F9E5003F0C0E /* IngredientesViewController.swift in Sources */ = {isa = PBXBuildFile; fileRef = 343BAD051BD7F9E5003F0C0E /* IngredientesViewController.swift */; settings = {ASSET_TAGS = (); }; };
		3442164A1BD6D6B80077075A /* AppDelegate.swift in Sources */ = {isa = PBXBuildFile; fileRef = 344216491BD6D6B80077075A /* AppDelegate.swift */; };
		3442164C1BD6D6B80077075A /* ViewController.swift in Sources */ = {isa = PBXBuildFile; fileRef = 3442164B1BD6D6B80077075A /* ViewController.swift */; };
		3442164F1BD6D6B80077075A /* Main.storyboard in Resources */ = {isa = PBXBuildFile; fileRef = 3442164D1BD6D6B80077075A /* Main.storyboard */; };
		344216511BD6D6B80077075A /* Assets.xcassets in Resources */ = {isa = PBXBuildFile; fileRef = 344216501BD6D6B80077075A /* Assets.xcassets */; };
		344216541BD6D6B80077075A /* LaunchScreen.storyboard in Resources */ = {isa = PBXBuildFile; fileRef = 344216521BD6D6B80077075A /* LaunchScreen.storyboard */; };
		344AF0171BD832F000CAFCC3 /* tamanoViewController.swift in Sources */ = {isa = PBXBuildFile; fileRef = 344AF0161BD832F000CAFCC3 /* tamanoViewController.swift */; settings = {ASSET_TAGS = (); }; };
		344AF0191BD8330400CAFCC3 /* masaViewController.swift in Sources */ = {isa = PBXBuildFile; fileRef = 344AF0181BD8330400CAFCC3 /* masaViewController.swift */; settings = {ASSET_TAGS = (); }; };
		344AF01B1BD8331500CAFCC3 /* quesoViewController.swift in Sources */ = {isa = PBXBuildFile; fileRef = 344AF01A1BD8331500CAFCC3 /* quesoViewController.swift */; settings = {ASSET_TAGS = (); }; };
		34FCF8C11BD86ED1009749A7 /* finalViewController.swift in Sources */ = {isa = PBXBuildFile; fileRef = 34FCF8C01BD86ED1009749A7 /* finalViewController.swift */; settings = {ASSET_TAGS = (); }; };
/* End PBXBuildFile section */

/* Begin PBXFileReference section */
		343BAD051BD7F9E5003F0C0E /* IngredientesViewController.swift */ = {isa = PBXFileReference; fileEncoding = 4; lastKnownFileType = sourcecode.swift; path = IngredientesViewController.swift; sourceTree = "<group>"; };
		344216461BD6D6B80077075A /* Appizza.app */ = {isa = PBXFileReference; explicitFileType = wrapper.application; includeInIndex = 0; path = Appizza.app; sourceTree = BUILT_PRODUCTS_DIR; };
		344216491BD6D6B80077075A /* AppDelegate.swift */ = {isa = PBXFileReference; lastKnownFileType = sourcecode.swift; path = AppDelegate.swift; sourceTree = "<group>"; };
		3442164B1BD6D6B80077075A /* ViewController.swift */ = {isa = PBXFileReference; lastKnownFileType = sourcecode.swift; path = ViewController.swift; sourceTree = "<group>"; };
		3442164E1BD6D6B80077075A /* Base */ = {isa = PBXFileReference; lastKnownFileType = file.storyboard; name = Base; path = Base.lproj/Main.storyboard; sourceTree = "<group>"; };
		344216501BD6D6B80077075A /* Assets.xcassets */ = {isa = PBXFileReference; lastKnownFileType = folder.assetcatalog; path = Assets.xcassets; sourceTree = "<group>"; };
		344216531BD6D6B80077075A /* Base */ = {isa = PBXFileReference; lastKnownFileType = file.storyboard; name = Base; path = Base.lproj/LaunchScreen.storyboard; sourceTree = "<group>"; };
		344216551BD6D6B80077075A /* Info.plist */ = {isa = PBXFileReference; lastKnownFileType = text.plist.xml; path = Info.plist; sourceTree = "<group>"; };
		344AF0161BD832F000CAFCC3 /* tamanoViewController.swift */ = {isa = PBXFileReference; fileEncoding = 4; lastKnownFileType = sourcecode.swift; path = tamanoViewController.swift; sourceTree = "<group>"; };
		344AF0181BD8330400CAFCC3 /* masaViewController.swift */ = {isa = PBXFileReference; fileEncoding = 4; lastKnownFileType = sourcecode.swift; path = masaViewController.swift; sourceTree = "<group>"; };
		344AF01A1BD8331500CAFCC3 /* quesoViewController.swift */ = {isa = PBXFileReference; fileEncoding = 4; lastKnownFileType = sourcecode.swift; path = quesoViewController.swift; sourceTree = "<group>"; };
		34FCF8C01BD86ED1009749A7 /* finalViewController.swift */ = {isa = PBXFileReference; fileEncoding = 4; lastKnownFileType = sourcecode.swift; path = finalViewController.swift; sourceTree = "<group>"; };
/* End PBXFileReference section */

/* Begin PBXFrameworksBuildPhase section */
		344216431BD6D6B80077075A /* Frameworks */ = {
			isa = PBXFrameworksBuildPhase;
			buildActionMask = 2147483647;
			files = (
			);
			runOnlyForDeploymentPostprocessing = 0;
		};
/* End PBXFrameworksBuildPhase section */

/* Begin PBXGroup section */
		3442163D1BD6D6B80077075A = {
			isa = PBXGroup;
			children = (
				344216481BD6D6B80077075A /* Appizza */,
				344216471BD6D6B80077075A /* Products */,
			);
			sourceTree = "<group>";
		};
		344216471BD6D6B80077075A /* Products */ = {
			isa = PBXGroup;
			children = (
				344216461BD6D6B80077075A /* Appizza.app */,
			);
			name = Products;
			sourceTree = "<group>";
		};
		344216481BD6D6B80077075A /* Appizza */ = {
			isa = PBXGroup;
			children = (
				344216491BD6D6B80077075A /* AppDelegate.swift */,
				3442164B1BD6D6B80077075A /* ViewController.swift */,
				343BAD051BD7F9E5003F0C0E /* IngredientesViewController.swift */,
				344AF0161BD832F000CAFCC3 /* tamanoViewController.swift */,
				344AF0181BD8330400CAFCC3 /* masaViewController.swift */,
				344AF01A1BD8331500CAFCC3 /* quesoViewController.swift */,
				34FCF8C01BD86ED1009749A7 /* finalViewController.swift */,
				3442164D1BD6D6B80077075A /* Main.storyboard */,
				344216501BD6D6B80077075A /* Assets.xcassets */,
				344216521BD6D6B80077075A /* LaunchScreen.storyboard */,
				344216551BD6D6B80077075A /* Info.plist */,
			);
			path = Appizza;
			sourceTree = "<group>";
		};
/* End PBXGroup section */

/* Begin PBXNativeTarget section */
		344216451BD6D6B80077075A /* Appizza */ = {
			isa = PBXNativeTarget;
			buildConfigurationList = 344216581BD6D6B80077075A /* Build configuration list for PBXNativeTarget "Appizza" */;
			buildPhases = (
				344216421BD6D6B80077075A /* Sources */,
				344216431BD6D6B80077075A /* Frameworks */,
				344216441BD6D6B80077075A /* Resources */,
			);
			buildRules = (
			);
			dependencies = (
			);
			name = Appizza;
			productName = Appizza;
			productReference = 344216461BD6D6B80077075A /* Appizza.app */;
			productType = "com.apple.product-type.application";
		};
/* End PBXNativeTarget section */

/* Begin PBXProject section */
		3442163E1BD6D6B80077075A /* Project object */ = {
			isa = PBXProject;
			attributes = {
				LastUpgradeCheck = 0700;
				ORGANIZATIONNAME = Taylor;
				TargetAttributes = {
					344216451BD6D6B80077075A = {
						CreatedOnToolsVersion = 7.0.1;
					};
				};
			};
			buildConfigurationList = 344216411BD6D6B80077075A /* Build configuration list for PBXProject "Appizza" */;
			compatibilityVersion = "Xcode 3.2";
			developmentRegion = English;
			hasScannedForEncodings = 0;
			knownRegions = (
				en,
				Base,
			);
			mainGroup = 3442163D1BD6D6B80077075A;
			productRefGroup = 344216471BD6D6B80077075A /* Products */;
			projectDirPath = "";
			projectRoot = "";
			targets = (
				344216451BD6D6B80077075A /* Appizza */,
			);
		};
/* End PBXProject section */

/* Begin PBXResourcesBuildPhase section */
		344216441BD6D6B80077075A /* Resources */ = {
			isa = PBXResourcesBuildPhase;
			buildActionMask = 2147483647;
			files = (
				344216541BD6D6B80077075A /* LaunchScreen.storyboard in Resources */,
				344216511BD6D6B80077075A /* Assets.xcassets in Resources */,
				3442164F1BD6D6B80077075A /* Main.storyboard in Resources */,
			);
			runOnlyForDeploymentPostprocessing = 0;
		};
/* End PBXResourcesBuildPhase section */

/* Begin PBXSourcesBuildPhase section */
		344216421BD6D6B80077075A /* Sources */ = {
			isa = PBXSourcesBuildPhase;
			buildActionMask = 2147483647;
			files = (
				344AF0191BD8330400CAFCC3 /* masaViewController.swift in Sources */,
				34FCF8C11BD86ED1009749A7 /* finalViewController.swift in Sources */,
				344AF0171BD832F000CAFCC3 /* tamanoViewController.swift in Sources */,
				3442164C1BD6D6B80077075A /* ViewController.swift in Sources */,
				343BAD061BD7F9E5003F0C0E /* IngredientesViewController.swift in Sources */,
				344AF01B1BD8331500CAFCC3 /* quesoViewController.swift in Sources */,
				3442164A1BD6D6B80077075A /* AppDelegate.swift in Sources */,
			);
			runOnlyForDeploymentPostprocessing = 0;
		};
/* End PBXSourcesBuildPhase section */

/* Begin PBXVariantGroup section */
		3442164D1BD6D6B80077075A /* Main.storyboard */ = {
			isa = PBXVariantGroup;
			children = (
				3442164E1BD6D6B80077075A /* Base */,
			);
			name = Main.storyboard;
			sourceTree = "<group>";
		};
		344216521BD6D6B80077075A /* LaunchScreen.storyboard */ = {
			isa = PBXVariantGroup;
			children = (
				344216531BD6D6B80077075A /* Base */,
			);
			name = LaunchScreen.storyboard;
			sourceTree = "<group>";
		};
/* End PBXVariantGroup section */

/* Begin XCBuildConfiguration section */
		344216561BD6D6B80077075A /* Debug */ = {
			isa = XCBuildConfiguration;
			buildSettings = {
				ALWAYS_SEARCH_USER_PATHS = NO;
				CLANG_CXX_LANGUAGE_STANDARD = "gnu++0x";
				CLANG_CXX_LIBRARY = "libc++";
				CLANG_ENABLE_MODULES = YES;
				CLANG_ENABLE_OBJC_ARC = YES;
				CLANG_WARN_BOOL_CONVERSION = YES;
				CLANG_WARN_CONSTANT_CONVERSION = YES;
				CLANG_WARN_DIRECT_OBJC_ISA_USAGE = YES_ERROR;
				CLANG_WARN_EMPTY_BODY = YES;
				CLANG_WARN_ENUM_CONVERSION = YES;
				CLANG_WARN_INT_CONVERSION = YES;
				CLANG_WARN_OBJC_ROOT_CLASS = YES_ERROR;
				CLANG_WARN_UNREACHABLE_CODE = YES;
				CLANG_WARN__DUPLICATE_METHOD_MATCH = YES;
				"CODE_SIGN_IDENTITY[sdk=iphoneos*]" = "iPhone Developer";
				COPY_PHASE_STRIP = NO;
				DEBUG_INFORMATION_FORMAT = dwarf;
				ENABLE_STRICT_OBJC_MSGSEND = YES;
				ENABLE_TESTABILITY = YES;
				GCC_C_LANGUAGE_STANDARD = gnu99;
				GCC_DYNAMIC_NO_PIC = NO;
				GCC_NO_COMMON_BLOCKS = YES;
				GCC_OPTIMIZATION_LEVEL = 0;
				GCC_PREPROCESSOR_DEFINITIONS = (
					"DEBUG=1",
					"$(inherited)",
				);
				GCC_WARN_64_TO_32_BIT_CONVERSION = YES;
				GCC_WARN_ABOUT_RETURN_TYPE = YES_ERROR;
				GCC_WARN_UNDECLARED_SELECTOR = YES;
				GCC_WARN_UNINITIALIZED_AUTOS = YES_AGGRESSIVE;
				GCC_WARN_UNUSED_FUNCTION = YES;
				GCC_WARN_UNUSED_VARIABLE = YES;
				IPHONEOS_DEPLOYMENT_TARGET = 9.0;
				MTL_ENABLE_DEBUG_INFO = YES;
				ONLY_ACTIVE_ARCH = YES;
				SDKROOT = iphoneos;
				SWIFT_OPTIMIZATION_LEVEL = "-Onone";
				TARGETED_DEVICE_FAMILY = "1,2";
			};
			name = Debug;
		};
		344216571BD6D6B80077075A /* Release */ = {
			isa = XCBuildConfiguration;
			buildSettings = {
				ALWAYS_SEARCH_USER_PATHS = NO;
				CLANG_CXX_LANGUAGE_STANDARD = "gnu++0x";
				CLANG_CXX_LIBRARY = "libc++";
				CLANG_ENABLE_MODULES = YES;
				CLANG_ENABLE_OBJC_ARC = YES;
				CLANG_WARN_BOOL_CONVERSION = YES;
				CLANG_WARN_CONSTANT_CONVERSION = YES;
				CLANG_WARN_DIRECT_OBJC_ISA_USAGE = YES_ERROR;
				CLANG_WARN_EMPTY_BODY = YES;
				CLANG_WARN_ENUM_CONVERSION = YES;
				CLANG_WARN_INT_CONVERSION = YES;
				CLANG_WARN_OBJC_ROOT_CLASS = YES_ERROR;
				CLANG_WARN_UNREACHABLE_CODE = YES;
				CLANG_WARN__DUPLICATE_METHOD_MATCH = YES;
				"CODE_SIGN_IDENTITY[sdk=iphoneos*]" = "iPhone Developer";
				COPY_PHASE_STRIP = NO;
				DEBUG_INFORMATION_FORMAT = "dwarf-with-dsym";
				ENABLE_NS_ASSERTIONS = NO;
				ENABLE_STRICT_OBJC_MSGSEND = YES;
				GCC_C_LANGUAGE_STANDARD = gnu99;
				GCC_NO_COMMON_BLOCKS = YES;
				GCC_WARN_64_TO_32_BIT_CONVERSION = YES;
				GCC_WARN_ABOUT_RETURN_TYPE = YES_ERROR;
				GCC_WARN_UNDECLARED_SELECTOR = YES;
				GCC_WARN_UNINITIALIZED_AUTOS = YES_AGGRESSIVE;
				GCC_WARN_UNUSED_FUNCTION = YES;
				GCC_WARN_UNUSED_VARIABLE = YES;
				IPHONEOS_DEPLOYMENT_TARGET = 9.0;
				MTL_ENABLE_DEBUG_INFO = NO;
				SDKROOT = iphoneos;
				TARGETED_DEVICE_FAMILY = "1,2";
				VALIDATE_PRODUCT = YES;
			};
			name = Release;
		};
		344216591BD6D6B80077075A /* Debug */ = {
			isa = XCBuildConfiguration;
			buildSettings = {
				ASSETCATALOG_COMPILER_APPICON_NAME = AppIcon;
				INFOPLIST_FILE = Appizza/Info.plist;
				LD_RUNPATH_SEARCH_PATHS = "$(inherited) @executable_path/Frameworks";
				PRODUCT_BUNDLE_IDENTIFIER = urus.Appizza;
				PRODUCT_NAME = "$(TARGET_NAME)";
			};
			name = Debug;
		};
		3442165A1BD6D6B80077075A /* Release */ = {
			isa = XCBuildConfiguration;
			buildSettings = {
				ASSETCATALOG_COMPILER_APPICON_NAME = AppIcon;
				INFOPLIST_FILE = Appizza/Info.plist;
				LD_RUNPATH_SEARCH_PATHS = "$(inherited) @executable_path/Frameworks";
				PRODUCT_BUNDLE_IDENTIFIER = urus.Appizza;
				PRODUCT_NAME = "$(TARGET_NAME)";
			};
			name = Release;
		};
/* End XCBuildConfiguration section */

/* Begin XCConfigurationList section */
		344216411BD6D6B80077075A /* Build configuration list for PBXProject "Appizza" */ = {
			isa = XCConfigurationList;
			buildConfigurations = (
				344216561BD6D6B80077075A /* Debug */,
				344216571BD6D6B80077075A /* Release */,
			);
			defaultConfigurationIsVisible = 0;
			defaultConfigurationName = Release;
		};
		344216581BD6D6B80077075A /* Build configuration list for PBXNativeTarget "Appizza" */ = {
			isa = XCConfigurationList;
			buildConfigurations = (
				344216591BD6D6B80077075A /* Debug */,
				3442165A1BD6D6B80077075A /* Release */,
			);
			defaultConfigurationIsVisible = 0;
			defaultConfigurationName = Release;
		};
/* End XCConfigurationList section */
	};
	rootObject = 3442163E1BD6D6B80077075A /* Project object */;
}
